
Microsoft Visual Studio Solution File, Format Version 11.00
# Visual Basic Express 2010
Project("{F184B08F-C81C-45F6-A57F-5ABD9991F28F}") = "WebSec", "WebSec\WebSec.vbproj", "{82104D1D-7845-4130-AF74-B3A90F97501F}"
EndProject
Global
	GlobalSection(SolutionConfigurationPlatforms) = preSolution
		Debug|x86 = Debug|x86
		Release|x86 = Release|x86
	EndGlobalSection
	GlobalSection(ProjectConfigurationPlatforms) = postSolution
		{82104D1D-7845-4130-AF74-B3A90F97501F}.Debug|x86.ActiveCfg = Debug|x86
		{82104D1D-7845-4130-AF74-B3A90F97501F}.Debug|x86.Build.0 = Debug|x86
		{82104D1D-7845-4130-AF74-B3A90F97501F}.Release|x86.ActiveCfg = Release|x86
		{82104D1D-7845-4130-AF74-B3A90F97501F}.Release|x86.Build.0 = Release|x86
	EndGlobalSection
	GlobalSection(SolutionProperties) = preSolution
		HideSolutionNode = FALSE
	EndGlobalSection
EndGlobal
